// !$*UTF8*$!
{
	archiveVersion = 1;
	classes = {
	};
	objectVersion = 56;
	objects = {

/* Begin PBXBuildFile section */
		A10000010000000000000008 /* Assets.xcassets in Resources */ = {isa = PBXBuildFile; fileRef = A10000110000000000000010 /* Assets.xcassets */; };
		A10000010000000000000009 /* KCAppCompositionRoot.swift in Sources */ = {isa = PBXBuildFile; fileRef = A1000011000000000000001C /* KCAppCompositionRoot.swift */; };
		A1000001000000000000000A /* KCDrawingEngineAdapter.swift in Sources */ = {isa = PBXBuildFile; fileRef = A10000110000000000000012 /* KCDrawingEngineAdapter.swift */; };
		A1000001000000000000000B /* KCSessionService.swift in Sources */ = {isa = PBXBuildFile; fileRef = A10000110000000000000014 /* KCSessionService.swift */; };
		A1000001000000000000000C /* AppDelegate.swift in Sources */ = {isa = PBXBuildFile; fileRef = A10000110000000000000016 /* AppDelegate.swift */; };
		A1000001000000000000000D /* SceneDelegate.swift in Sources */ = {isa = PBXBuildFile; fileRef = A10000110000000000000017 /* SceneDelegate.swift */; };
		A1000001000000000000000E /* LegacyArchiveMigrator.swift in Sources */ = {isa = PBXBuildFile; fileRef = A10000110000000000000019 /* LegacyArchiveMigrator.swift */; };
		A1000001000000000000000F /* KCDrawingCanvasView.swift in Sources */ = {isa = PBXBuildFile; fileRef = A1000011000000000000001A /* KCDrawingCanvasView.swift */; };
		A10000010000000000000010 /* KCMainViewController.swift in Sources */ = {isa = PBXBuildFile; fileRef = A1000011000000000000001B /* KCMainViewController.swift */; };
		A10000010000000000000011 /* KCContentPickerFeature.swift in Sources */ = {isa = PBXBuildFile; fileRef = A1000011000000000000001D /* KCContentPickerFeature.swift */; };
		A10000010000000000000012 /* KCEditorPanelsFeature.swift in Sources */ = {isa = PBXBuildFile; fileRef = A1000011000000000000001E /* KCEditorPanelsFeature.swift */; };
		A10000010000000000000013 /* KCHistoryFeature.swift in Sources */ = {isa = PBXBuildFile; fileRef = A1000011000000000000001F /* KCHistoryFeature.swift */; };
		A1FA010000000000C0A10004 /* KCCanvasFeature.swift in Sources */ = {isa = PBXBuildFile; fileRef = A1FA110000000000C0A10006 /* KCCanvasFeature.swift */; };
		A1FA010000000000C0A10007 /* KCLineArtFeature.swift in Sources */ = {isa = PBXBuildFile; fileRef = A1FA110000000000C0A10007 /* KCLineArtFeature.swift */; };
		A1FA010000000000C0A10008 /* KCDeviceLayoutMetrics.swift in Sources */ = {isa = PBXBuildFile; fileRef = A1FA110000000000C0A10008 /* KCDeviceLayoutMetrics.swift */; };
		A1FA010000000000C0A10009 /* KCEditorUIFactory.swift in Sources */ = {isa = PBXBuildFile; fileRef = A1FA110000000000C0A10009 /* KCEditorUIFactory.swift */; };
		A1FA010000000000C0A10010 /* KCBrushDockFeature.swift in Sources */ = {isa = PBXBuildFile; fileRef = A1FA110000000000C0A10010 /* KCBrushDockFeature.swift */; };
		A1FA010000000000C0A10011 /* KCEraserControlsFeature.swift in Sources */ = {isa = PBXBuildFile; fileRef = A1FA110000000000C0A10011 /* KCEraserControlsFeature.swift */; };
		A1FA010000000000C0A10012 /* KCToolRailFeature.swift in Sources */ = {isa = PBXBuildFile; fileRef = A1FA110000000000C0A10012 /* KCToolRailFeature.swift */; };
		A1FA010000000000C0A10013 /* KCLineArtPickerViewController.swift in Sources */ = {isa = PBXBuildFile; fileRef = A1FA110000000000C0A10013 /* KCLineArtPickerViewController.swift */; };
		A1FA010000000000C0A10014 /* KCPressFeedbackController.swift in Sources */ = {isa = PBXBuildFile; fileRef = A1FA110000000000C0A10014 /* KCPressFeedbackController.swift */; };
		A1FA010000000000C0A10015 /* KCToastPresenter.swift in Sources */ = {isa = PBXBuildFile; fileRef = A1FA110000000000C0A10015 /* KCToastPresenter.swift */; };
		A1FA010000000000C0A10016 /* KCColorPalettePanelRenderer.swift in Sources */ = {isa = PBXBuildFile; fileRef = A1FA110000000000C0A10016 /* KCColorPalettePanelRenderer.swift */; };
		A1FA010000000000C0A10017 /* KCBrushStickerPanelView.swift in Sources */ = {isa = PBXBuildFile; fileRef = A1FA110000000000C0A10017 /* KCBrushStickerPanelView.swift */; };
		A1FA010000000000C0A10001 /* Localizable.strings in Resources */ = {isa = PBXBuildFile; fileRef = A1FA210000000000C0A10001 /* Localizable.strings */; };
		A1FA010000000000C0A10002 /* InfoPlist.strings in Resources */ = {isa = PBXBuildFile; fileRef = A1FA210000000000C0A10002 /* InfoPlist.strings */; };
		A1FA010000000000C0A10003 /* KCLocalizedStrings.swift in Sources */ = {isa = PBXBuildFile; fileRef = A1FA110000000000C0A10005 /* KCLocalizedStrings.swift */; };
/* End PBXBuildFile section */

/* Begin PBXFileReference section */
		A1000011000000000000000A /* Info.plist */ = {isa = PBXFileReference; lastKnownFileType = text.plist.xml; path = Info.plist; sourceTree = "<group>"; };
		A1000011000000000000000B /* KidCanvas.app */ = {isa = PBXFileReference; explicitFileType = wrapper.application; includeInIndex = 0; path = KidCanvas.app; sourceTree = BUILT_PRODUCTS_DIR; };
		A10000110000000000000010 /* Assets.xcassets */ = {isa = PBXFileReference; lastKnownFileType = folder.assetcatalog; path = Assets.xcassets; sourceTree = "<group>"; };
		A1000011000000000000001C /* KCAppCompositionRoot.swift */ = {isa = PBXFileReference; lastKnownFileType = sourcecode.swift; path = KCAppCompositionRoot.swift; sourceTree = "<group>"; };
		A10000110000000000000012 /* KCDrawingEngineAdapter.swift */ = {isa = PBXFileReference; lastKnownFileType = sourcecode.swift; path = KCDrawingEngineAdapter.swift; sourceTree = "<group>"; };
		A10000110000000000000014 /* KCSessionService.swift */ = {isa = PBXFileReference; lastKnownFileType = sourcecode.swift; path = KCSessionService.swift; sourceTree = "<group>"; };
		A10000110000000000000016 /* AppDelegate.swift */ = {isa = PBXFileReference; lastKnownFileType = sourcecode.swift; path = AppDelegate.swift; sourceTree = "<group>"; };
		A10000110000000000000017 /* SceneDelegate.swift */ = {isa = PBXFileReference; lastKnownFileType = sourcecode.swift; path = SceneDelegate.swift; sourceTree = "<group>"; };
		A10000110000000000000019 /* LegacyArchiveMigrator.swift */ = {isa = PBXFileReference; lastKnownFileType = sourcecode.swift; path = LegacyArchiveMigrator.swift; sourceTree = "<group>"; };
		A1000011000000000000001A /* KCDrawingCanvasView.swift */ = {isa = PBXFileReference; lastKnownFileType = sourcecode.swift; path = KCDrawingCanvasView.swift; sourceTree = "<group>"; };
		A1000011000000000000001B /* KCMainViewController.swift */ = {isa = PBXFileReference; lastKnownFileType = sourcecode.swift; path = KCMainViewController.swift; sourceTree = "<group>"; };
		A1000011000000000000001D /* KCContentPickerFeature.swift */ = {isa = PBXFileReference; lastKnownFileType = sourcecode.swift; path = KCContentPickerFeature.swift; sourceTree = "<group>"; };
		A1000011000000000000001E /* KCEditorPanelsFeature.swift */ = {isa = PBXFileReference; lastKnownFileType = sourcecode.swift; path = KCEditorPanelsFeature.swift; sourceTree = "<group>"; };
		A1000011000000000000001F /* KCHistoryFeature.swift */ = {isa = PBXFileReference; lastKnownFileType = sourcecode.swift; path = KCHistoryFeature.swift; sourceTree = "<group>"; };
		A1FA110000000000C0A10006 /* KCCanvasFeature.swift */ = {isa = PBXFileReference; lastKnownFileType = sourcecode.swift; path = KCCanvasFeature.swift; sourceTree = "<group>"; };
		A1FA110000000000C0A10007 /* KCLineArtFeature.swift */ = {isa = PBXFileReference; lastKnownFileType = sourcecode.swift; path = KCLineArtFeature.swift; sourceTree = "<group>"; };
		A1FA110000000000C0A10008 /* KCDeviceLayoutMetrics.swift */ = {isa = PBXFileReference; lastKnownFileType = sourcecode.swift; path = KCDeviceLayoutMetrics.swift; sourceTree = "<group>"; };
		A1FA110000000000C0A10009 /* KCEditorUIFactory.swift */ = {isa = PBXFileReference; lastKnownFileType = sourcecode.swift; path = KCEditorUIFactory.swift; sourceTree = "<group>"; };
		A1FA110000000000C0A10010 /* KCBrushDockFeature.swift */ = {isa = PBXFileReference; lastKnownFileType = sourcecode.swift; path = KCBrushDockFeature.swift; sourceTree = "<group>"; };
		A1FA110000000000C0A10011 /* KCEraserControlsFeature.swift */ = {isa = PBXFileReference; lastKnownFileType = sourcecode.swift; path = KCEraserControlsFeature.swift; sourceTree = "<group>"; };
		A1FA110000000000C0A10012 /* KCToolRailFeature.swift */ = {isa = PBXFileReference; lastKnownFileType = sourcecode.swift; path = KCToolRailFeature.swift; sourceTree = "<group>"; };
		A1FA110000000000C0A10013 /* KCLineArtPickerViewController.swift */ = {isa = PBXFileReference; lastKnownFileType = sourcecode.swift; path = KCLineArtPickerViewController.swift; sourceTree = "<group>"; };
		A1FA110000000000C0A10014 /* KCPressFeedbackController.swift */ = {isa = PBXFileReference; lastKnownFileType = sourcecode.swift; path = KCPressFeedbackController.swift; sourceTree = "<group>"; };
		A1FA110000000000C0A10015 /* KCToastPresenter.swift */ = {isa = PBXFileReference; lastKnownFileType = sourcecode.swift; path = KCToastPresenter.swift; sourceTree = "<group>"; };
		A1FA110000000000C0A10016 /* KCColorPalettePanelRenderer.swift */ = {isa = PBXFileReference; lastKnownFileType = sourcecode.swift; path = KCColorPalettePanelRenderer.swift; sourceTree = "<group>"; };
		A1FA110000000000C0A10017 /* KCBrushStickerPanelView.swift */ = {isa = PBXFileReference; lastKnownFileType = sourcecode.swift; path = KCBrushStickerPanelView.swift; sourceTree = "<group>"; };
		A1FA110000000000C0A10005 /* KCLocalizedStrings.swift */ = {isa = PBXFileReference; lastKnownFileType = sourcecode.swift; path = KCLocalizedStrings.swift; sourceTree = "<group>"; };
		A1FA110000000000C0A10001 /* Localizable.strings */ = {isa = PBXFileReference; lastKnownFileType = text.plist.strings; name = Localizable.strings; path = "zh-Hans.lproj/Localizable.strings"; sourceTree = "<group>"; };
		A1FA110000000000C0A10002 /* Localizable.strings */ = {isa = PBXFileReference; lastKnownFileType = text.plist.strings; name = Localizable.strings; path = "en.lproj/Localizable.strings"; sourceTree = "<group>"; };
		A1FA110000000000C0A10003 /* InfoPlist.strings */ = {isa = PBXFileReference; lastKnownFileType = text.plist.strings; name = InfoPlist.strings; path = "zh-Hans.lproj/InfoPlist.strings"; sourceTree = "<group>"; };
		A1FA110000000000C0A10004 /* InfoPlist.strings */ = {isa = PBXFileReference; lastKnownFileType = text.plist.strings; name = InfoPlist.strings; path = "en.lproj/InfoPlist.strings"; sourceTree = "<group>"; };
/* End PBXFileReference section */

/* Begin PBXFrameworksBuildPhase section */
		A10000210000000000000001 /* Frameworks */ = {
			isa = PBXFrameworksBuildPhase;
			buildActionMask = 2147483647;
			files = (
			);
			runOnlyForDeploymentPostprocessing = 0;
		};
/* End PBXFrameworksBuildPhase section */

/* Begin PBXGroup section */
		A10000310000000000000001 = {
			isa = PBXGroup;
			children = (
				A10000310000000000000002 /* KidCanvas */,
				A10000310000000000000003 /* Products */,
			);
			sourceTree = "<group>";
		};
		A10000310000000000000002 /* KidCanvas */ = {
			isa = PBXGroup;
			children = (
				A10000110000000000000016 /* AppDelegate.swift */,
				A10000110000000000000017 /* SceneDelegate.swift */,
				A10000110000000000000019 /* LegacyArchiveMigrator.swift */,
				A1000011000000000000001B /* KCMainViewController.swift */,
				A1000011000000000000001C /* KCAppCompositionRoot.swift */,
				A1000011000000000000001A /* KCDrawingCanvasView.swift */,
				A10000110000000000000010 /* Assets.xcassets */,
				A10000110000000000000012 /* KCDrawingEngineAdapter.swift */,
				A10000110000000000000014 /* KCSessionService.swift */,
				A1000011000000000000001D /* KCContentPickerFeature.swift */,
				A1000011000000000000001E /* KCEditorPanelsFeature.swift */,
				A1000011000000000000001F /* KCHistoryFeature.swift */,
				A1FA110000000000C0A10006 /* KCCanvasFeature.swift */,
				A1FA110000000000C0A10007 /* KCLineArtFeature.swift */,
				A1FA110000000000C0A10008 /* KCDeviceLayoutMetrics.swift */,
				A1FA110000000000C0A10009 /* KCEditorUIFactory.swift */,
				A1FA110000000000C0A10010 /* KCBrushDockFeature.swift */,
				A1FA110000000000C0A10011 /* KCEraserControlsFeature.swift */,
				A1FA110000000000C0A10012 /* KCToolRailFeature.swift */,
				A1FA110000000000C0A10013 /* KCLineArtPickerViewController.swift */,
				A1FA110000000000C0A10014 /* KCPressFeedbackController.swift */,
				A1FA110000000000C0A10015 /* KCToastPresenter.swift */,
				A1FA110000000000C0A10016 /* KCColorPalettePanelRenderer.swift */,
				A1FA110000000000C0A10017 /* KCBrushStickerPanelView.swift */,
				A1FA110000000000C0A10005 /* KCLocalizedStrings.swift */,
				A1FA210000000000C0A10001 /* Localizable.strings */,
				A1FA210000000000C0A10002 /* InfoPlist.strings */,
				A1000011000000000000000A /* Info.plist */,
			);
			path = KidCanvas;
			sourceTree = "<group>";
		};
		A10000310000000000000003 /* Products */ = {
			isa = PBXGroup;
			children = (
				A1000011000000000000000B /* KidCanvas.app */,
			);
			name = Products;
			sourceTree = "<group>";
		};
/* End PBXGroup section */

/* Begin PBXNativeTarget section */
		A10000410000000000000001 /* KidCanvas */ = {
			isa = PBXNativeTarget;
			buildConfigurationList = A10000510000000000000002 /* Build configuration list for PBXNativeTarget "KidCanvas" */;
			buildPhases = (
				A10000610000000000000001 /* Sources */,
				A10000210000000000000001 /* Frameworks */,
				A10000610000000000000002 /* Resources */,
			);
			buildRules = (
			);
			dependencies = (
			);
			packageProductDependencies = (
				A100000A0000000000000001 /* KCCommon */,
				A100000A0000000000000002 /* KCDomain */,
				A100000A0000000000000003 /* KCContentCatalog */,
				A100000A0000000000000004 /* KCDrawingEngine */,
				A100000A0000000000000005 /* KCSessionPersistence */,
			);
			name = KidCanvas;
			productName = KidCanvas;
			productReference = A1000011000000000000000B /* KidCanvas.app */;
			productType = "com.apple.product-type.application";
		};
/* End PBXNativeTarget section */

/* Begin PBXProject section */
		A10000710000000000000001 /* Project object */ = {
			isa = PBXProject;
			attributes = {
				BuildIndependentTargetsInParallel = 1;
				LastUpgradeCheck = 1600;
				TargetAttributes = {
					A10000410000000000000001 = {
						CreatedOnToolsVersion = 16.0;
					};
				};
			};
			buildConfigurationList = A10000510000000000000001 /* Build configuration list for PBXProject "KidCanvas" */;
			compatibilityVersion = "Xcode 14.0";
			developmentRegion = zh-Hans;
			hasScannedForEncodings = 0;
			knownRegions = (
				zh-Hans,
				en,
				Base,
			);
			mainGroup = A10000310000000000000001;
			productRefGroup = A10000310000000000000003 /* Products */;
			projectDirPath = "";
			projectRoot = "";
			targets = (
				A10000410000000000000001 /* KidCanvas */,
			);
			packageReferences = (
				A10000090000000000000001 /* XCLocalSwiftPackageReference "Packages/KidCanvasModules" */,
			);
		};
/* End PBXProject section */

/* Begin PBXResourcesBuildPhase section */
		A10000610000000000000002 /* Resources */ = {
			isa = PBXResourcesBuildPhase;
			buildActionMask = 2147483647;
			files = (
				A10000010000000000000008 /* Assets.xcassets in Resources */,
				A1FA010000000000C0A10001 /* Localizable.strings in Resources */,
				A1FA010000000000C0A10002 /* InfoPlist.strings in Resources */,
			);
			runOnlyForDeploymentPostprocessing = 0;
		};
/* End PBXResourcesBuildPhase section */

/* Begin PBXSourcesBuildPhase section */
		A10000610000000000000001 /* Sources */ = {
			isa = PBXSourcesBuildPhase;
			buildActionMask = 2147483647;
			files = (
				A1000001000000000000000C /* AppDelegate.swift in Sources */,
				A1000001000000000000000D /* SceneDelegate.swift in Sources */,
				A1000001000000000000000E /* LegacyArchiveMigrator.swift in Sources */,
				A1000001000000000000000F /* KCDrawingCanvasView.swift in Sources */,
				A10000010000000000000010 /* KCMainViewController.swift in Sources */,
				A10000010000000000000009 /* KCAppCompositionRoot.swift in Sources */,
				A1000001000000000000000A /* KCDrawingEngineAdapter.swift in Sources */,
				A1000001000000000000000B /* KCSessionService.swift in Sources */,
				A10000010000000000000011 /* KCContentPickerFeature.swift in Sources */,
				A10000010000000000000012 /* KCEditorPanelsFeature.swift in Sources */,
				A10000010000000000000013 /* KCHistoryFeature.swift in Sources */,
				A1FA010000000000C0A10004 /* KCCanvasFeature.swift in Sources */,
				A1FA010000000000C0A10007 /* KCLineArtFeature.swift in Sources */,
				A1FA010000000000C0A10008 /* KCDeviceLayoutMetrics.swift in Sources */,
				A1FA010000000000C0A10009 /* KCEditorUIFactory.swift in Sources */,
				A1FA010000000000C0A10010 /* KCBrushDockFeature.swift in Sources */,
				A1FA010000000000C0A10011 /* KCEraserControlsFeature.swift in Sources */,
				A1FA010000000000C0A10012 /* KCToolRailFeature.swift in Sources */,
				A1FA010000000000C0A10013 /* KCLineArtPickerViewController.swift in Sources */,
				A1FA010000000000C0A10014 /* KCPressFeedbackController.swift in Sources */,
				A1FA010000000000C0A10015 /* KCToastPresenter.swift in Sources */,
				A1FA010000000000C0A10016 /* KCColorPalettePanelRenderer.swift in Sources */,
				A1FA010000000000C0A10017 /* KCBrushStickerPanelView.swift in Sources */,
				A1FA010000000000C0A10003 /* KCLocalizedStrings.swift in Sources */,
			);
			runOnlyForDeploymentPostprocessing = 0;
		};
/* End PBXSourcesBuildPhase section */

/* Begin PBXVariantGroup section */
		A1FA210000000000C0A10001 /* Localizable.strings */ = {
			isa = PBXVariantGroup;
			children = (
				A1FA110000000000C0A10001 /* Localizable.strings */,
				A1FA110000000000C0A10002 /* Localizable.strings */,
			);
			name = Localizable.strings;
			sourceTree = "<group>";
		};
		A1FA210000000000C0A10002 /* InfoPlist.strings */ = {
			isa = PBXVariantGroup;
			children = (
				A1FA110000000000C0A10003 /* InfoPlist.strings */,
				A1FA110000000000C0A10004 /* InfoPlist.strings */,
			);
			name = InfoPlist.strings;
			sourceTree = "<group>";
		};
/* End PBXVariantGroup section */

/* Begin XCBuildConfiguration section */
		A10000810000000000000001 /* Debug */ = {
			isa = XCBuildConfiguration;
			buildSettings = {
				ALWAYS_SEARCH_USER_PATHS = NO;
				ASSETCATALOG_COMPILER_APPICON_NAME = AppIcon;
				CLANG_ENABLE_MODULES = YES;
				CLANG_ENABLE_OBJC_ARC = YES;
				CLANG_WARN_DOCUMENTATION_COMMENTS = YES;
				CLANG_WARN_OBJC_LITERAL_CONVERSION = YES;
				COPY_PHASE_STRIP = NO;
				DEBUG_INFORMATION_FORMAT = dwarf;
				ENABLE_STRICT_OBJC_MSGSEND = YES;
				GCC_C_LANGUAGE_STANDARD = gnu17;
				GCC_NO_COMMON_BLOCKS = YES;
				GCC_OPTIMIZATION_LEVEL = 0;
				GCC_PREPROCESSOR_DEFINITIONS = (
					"DEBUG=1",
					"$(inherited)",
				);
				IPHONEOS_DEPLOYMENT_TARGET = 16.0;
				MTL_ENABLE_DEBUG_INFO = INCLUDE_SOURCE;
				SDKROOT = iphoneos;
				SWIFT_ACTIVE_COMPILATION_CONDITIONS = "DEBUG $(inherited)";
				TARGETED_DEVICE_FAMILY = 2;
			};
			name = Debug;
		};
		A10000810000000000000002 /* Release */ = {
			isa = XCBuildConfiguration;
			buildSettings = {
				ALWAYS_SEARCH_USER_PATHS = NO;
				ASSETCATALOG_COMPILER_APPICON_NAME = AppIcon;
				CLANG_ENABLE_MODULES = YES;
				CLANG_ENABLE_OBJC_ARC = YES;
				COPY_PHASE_STRIP = NO;
				DEBUG_INFORMATION_FORMAT = "dwarf-with-dsym";
				ENABLE_NSASSERTIONS = NO;
				ENABLE_STRICT_OBJC_MSGSEND = YES;
				GCC_C_LANGUAGE_STANDARD = gnu17;
				GCC_NO_COMMON_BLOCKS = YES;
				IPHONEOS_DEPLOYMENT_TARGET = 16.0;
				MTL_ENABLE_DEBUG_INFO = NO;
				SDKROOT = iphoneos;
				TARGETED_DEVICE_FAMILY = 2;
				VALIDATE_PRODUCT = YES;
			};
			name = Release;
		};
		A10000810000000000000003 /* Debug */ = {
			isa = XCBuildConfiguration;
			buildSettings = {
				CODE_SIGN_STYLE = Automatic;
				CURRENT_PROJECT_VERSION = 1;
				DEVELOPMENT_TEAM = "";
				GENERATE_INFOPLIST_FILE = NO;
				INFOPLIST_FILE = KidCanvas/Info.plist;
				INFOPLIST_KEY_UIApplicationSupportsIndirectInputEvents = YES;
				LD_RUNPATH_SEARCH_PATHS = (
					"$(inherited)",
					"@executable_path/Frameworks",
				);
				MARKETING_VERSION = 1.0;
				PRODUCT_BUNDLE_IDENTIFIER = com.kidcanvas.drawing;
				PRODUCT_NAME = "$(TARGET_NAME)";
				SUPPORTED_PLATFORMS = "iphoneos iphonesimulator";
				SUPPORTS_MACCATALYST = NO;
				SUPPORTS_XR_DESIGNED_FOR_IPHONE_IPAD = NO;
				DEFINES_MODULE = YES;
				ONLY_ACTIVE_ARCH = YES;
				SWIFT_ACTIVE_COMPILATION_CONDITIONS = "DEBUG $(inherited)";
				SWIFT_EMIT_LOC_STRINGS = NO;
				SWIFT_ENABLE_EXPLICIT_MODULES = NO;
				SWIFT_VERSION = 5.0;
				TARGETED_DEVICE_FAMILY = "1,2";
			};
			name = Debug;
		};
		A10000810000000000000004 /* Release */ = {
			isa = XCBuildConfiguration;
			buildSettings = {
				CODE_SIGN_STYLE = Automatic;
				CURRENT_PROJECT_VERSION = 1;
				DEVELOPMENT_TEAM = "";
				GENERATE_INFOPLIST_FILE = NO;
				INFOPLIST_FILE = KidCanvas/Info.plist;
				INFOPLIST_KEY_UIApplicationSupportsIndirectInputEvents = YES;
				LD_RUNPATH_SEARCH_PATHS = (
					"$(inherited)",
					"@executable_path/Frameworks",
				);
				MARKETING_VERSION = 1.0;
				PRODUCT_BUNDLE_IDENTIFIER = com.kidcanvas.drawing;
				PRODUCT_NAME = "$(TARGET_NAME)";
				SUPPORTED_PLATFORMS = "iphoneos iphonesimulator";
				SUPPORTS_MACCATALYST = NO;
				SUPPORTS_XR_DESIGNED_FOR_IPHONE_IPAD = NO;
				DEFINES_MODULE = YES;
				SWIFT_EMIT_LOC_STRINGS = NO;
				SWIFT_ENABLE_EXPLICIT_MODULES = NO;
				SWIFT_VERSION = 5.0;
				TARGETED_DEVICE_FAMILY = "1,2";
			};
			name = Release;
		};
/* End XCBuildConfiguration section */

/* Begin XCConfigurationList section */
		A10000510000000000000001 /* Build configuration list for PBXProject "KidCanvas" */ = {
			isa = XCConfigurationList;
			buildConfigurations = (
				A10000810000000000000001 /* Debug */,
				A10000810000000000000002 /* Release */,
			);
			defaultConfigurationIsVisible = 0;
			defaultConfigurationName = Release;
		};
		A10000510000000000000002 /* Build configuration list for PBXNativeTarget "KidCanvas" */ = {
			isa = XCConfigurationList;
			buildConfigurations = (
				A10000810000000000000003 /* Debug */,
				A10000810000000000000004 /* Release */,
			);
			defaultConfigurationIsVisible = 0;
			defaultConfigurationName = Release;
		};
/* End XCConfigurationList section */

/* Begin XCLocalSwiftPackageReference section */
		A10000090000000000000001 /* XCLocalSwiftPackageReference "Packages/KidCanvasModules" */ = {
			isa = XCLocalSwiftPackageReference;
			relativePath = "Packages/KidCanvasModules";
		};
/* End XCLocalSwiftPackageReference section */

/* Begin XCSwiftPackageProductDependency section */
		A100000A0000000000000001 /* KCCommon */ = {
			isa = XCSwiftPackageProductDependency;
			package = A10000090000000000000001 /* XCLocalSwiftPackageReference "Packages/KidCanvasModules" */;
			productName = KCCommon;
		};
		A100000A0000000000000002 /* KCDomain */ = {
			isa = XCSwiftPackageProductDependency;
			package = A10000090000000000000001 /* XCLocalSwiftPackageReference "Packages/KidCanvasModules" */;
			productName = KCDomain;
		};
		A100000A0000000000000003 /* KCContentCatalog */ = {
			isa = XCSwiftPackageProductDependency;
			package = A10000090000000000000001 /* XCLocalSwiftPackageReference "Packages/KidCanvasModules" */;
			productName = KCContentCatalog;
		};
		A100000A0000000000000004 /* KCDrawingEngine */ = {
			isa = XCSwiftPackageProductDependency;
			package = A10000090000000000000001 /* XCLocalSwiftPackageReference "Packages/KidCanvasModules" */;
			productName = KCDrawingEngine;
		};
		A100000A0000000000000005 /* KCSessionPersistence */ = {
			isa = XCSwiftPackageProductDependency;
			package = A10000090000000000000001 /* XCLocalSwiftPackageReference "Packages/KidCanvasModules" */;
			productName = KCSessionPersistence;
		};
/* End XCSwiftPackageProductDependency section */
	};
	rootObject = A10000710000000000000001 /* Project object */;
}
