// !$*UTF8*$!
{
	archiveVersion = 1;
	classes = {
	};
	objectVersion = 56;
	objects = {

/* Begin PBXBuildFile section */
		A10000010000000000000004 /* KDMainViewController.m in Sources */ = {isa = PBXBuildFile; fileRef = A10000110000000000000006 /* KDMainViewController.m */; };
		A10000010000000000000005 /* KDDrawingCanvasView.m in Sources */ = {isa = PBXBuildFile; fileRef = A10000110000000000000008 /* KDDrawingCanvasView.m */; };
		A10000010000000000000006 /* KDArtworkSession.m in Sources */ = {isa = PBXBuildFile; fileRef = A1000011000000000000000D /* KDArtworkSession.m */; };
		A10000010000000000000007 /* KDSessionStore.m in Sources */ = {isa = PBXBuildFile; fileRef = A1000011000000000000000F /* KDSessionStore.m */; };
		A10000010000000000000008 /* Assets.xcassets in Resources */ = {isa = PBXBuildFile; fileRef = A10000110000000000000010 /* Assets.xcassets */; };
		A10000010000000000000009 /* KCContentBridge.swift in Sources */ = {isa = PBXBuildFile; fileRef = A10000110000000000000011 /* KCContentBridge.swift */; };
		A1000001000000000000000A /* KCDrawingEngineBridge.swift in Sources */ = {isa = PBXBuildFile; fileRef = A10000110000000000000012 /* KCDrawingEngineBridge.swift */; };
		A1000001000000000000000B /* SessionStoreBridge.swift in Sources */ = {isa = PBXBuildFile; fileRef = A10000110000000000000014 /* SessionStoreBridge.swift */; };
		A1000001000000000000000C /* AppDelegate.swift in Sources */ = {isa = PBXBuildFile; fileRef = A10000110000000000000016 /* AppDelegate.swift */; };
		A1000001000000000000000D /* SceneDelegate.swift in Sources */ = {isa = PBXBuildFile; fileRef = A10000110000000000000017 /* SceneDelegate.swift */; };
		A1000001000000000000000E /* LegacyArchiveMigrator.swift in Sources */ = {isa = PBXBuildFile; fileRef = A10000110000000000000019 /* LegacyArchiveMigrator.swift */; };
/* End PBXBuildFile section */

/* Begin PBXFileReference section */
		A10000110000000000000006 /* KDMainViewController.m */ = {isa = PBXFileReference; lastKnownFileType = sourcecode.c.objc; path = KDMainViewController.m; sourceTree = "<group>"; };
		A10000110000000000000007 /* KDMainViewController.h */ = {isa = PBXFileReference; lastKnownFileType = sourcecode.c.h; path = KDMainViewController.h; sourceTree = "<group>"; };
		A10000110000000000000008 /* KDDrawingCanvasView.m */ = {isa = PBXFileReference; lastKnownFileType = sourcecode.c.objc; path = KDDrawingCanvasView.m; sourceTree = "<group>"; };
		A10000110000000000000009 /* KDDrawingCanvasView.h */ = {isa = PBXFileReference; lastKnownFileType = sourcecode.c.h; path = KDDrawingCanvasView.h; sourceTree = "<group>"; };
		A1000011000000000000000A /* Info.plist */ = {isa = PBXFileReference; lastKnownFileType = text.plist.xml; path = Info.plist; sourceTree = "<group>"; };
		A1000011000000000000000B /* KidCanvas.app */ = {isa = PBXFileReference; explicitFileType = wrapper.application; includeInIndex = 0; path = KidCanvas.app; sourceTree = BUILT_PRODUCTS_DIR; };
		A1000011000000000000000C /* KDArtworkSession.h */ = {isa = PBXFileReference; lastKnownFileType = sourcecode.c.h; path = KDArtworkSession.h; sourceTree = "<group>"; };
		A1000011000000000000000D /* KDArtworkSession.m */ = {isa = PBXFileReference; lastKnownFileType = sourcecode.c.objc; path = KDArtworkSession.m; sourceTree = "<group>"; };
		A1000011000000000000000E /* KDSessionStore.h */ = {isa = PBXFileReference; lastKnownFileType = sourcecode.c.h; path = KDSessionStore.h; sourceTree = "<group>"; };
		A1000011000000000000000F /* KDSessionStore.m */ = {isa = PBXFileReference; lastKnownFileType = sourcecode.c.objc; path = KDSessionStore.m; sourceTree = "<group>"; };
		A10000110000000000000010 /* Assets.xcassets */ = {isa = PBXFileReference; lastKnownFileType = folder.assetcatalog; path = Assets.xcassets; sourceTree = "<group>"; };
		A10000110000000000000011 /* KCContentBridge.swift */ = {isa = PBXFileReference; lastKnownFileType = sourcecode.swift; path = KCContentBridge.swift; sourceTree = "<group>"; };
		A10000110000000000000012 /* KCDrawingEngineBridge.swift */ = {isa = PBXFileReference; lastKnownFileType = sourcecode.swift; path = KCDrawingEngineBridge.swift; sourceTree = "<group>"; };
		A10000110000000000000013 /* KCDrawingEngineBridge.h */ = {isa = PBXFileReference; lastKnownFileType = sourcecode.c.h; path = KCDrawingEngineBridge.h; sourceTree = "<group>"; };
		A10000110000000000000014 /* SessionStoreBridge.swift */ = {isa = PBXFileReference; lastKnownFileType = sourcecode.swift; path = SessionStoreBridge.swift; sourceTree = "<group>"; };
		A10000110000000000000015 /* SessionStoreBridge.h */ = {isa = PBXFileReference; lastKnownFileType = sourcecode.c.h; path = SessionStoreBridge.h; sourceTree = "<group>"; };
		A10000110000000000000016 /* AppDelegate.swift */ = {isa = PBXFileReference; lastKnownFileType = sourcecode.swift; path = AppDelegate.swift; sourceTree = "<group>"; };
		A10000110000000000000017 /* SceneDelegate.swift */ = {isa = PBXFileReference; lastKnownFileType = sourcecode.swift; path = SceneDelegate.swift; sourceTree = "<group>"; };
		A10000110000000000000018 /* KidCanvas-Bridging-Header.h */ = {isa = PBXFileReference; lastKnownFileType = sourcecode.c.h; path = "KidCanvas-Bridging-Header.h"; sourceTree = "<group>"; };
		A10000110000000000000019 /* LegacyArchiveMigrator.swift */ = {isa = PBXFileReference; lastKnownFileType = sourcecode.swift; path = LegacyArchiveMigrator.swift; sourceTree = "<group>"; };
/* End PBXFileReference section */

/* Begin PBXFrameworksBuildPhase section */
		A10000210000000000000001 /* Frameworks */ = {
			isa = PBXFrameworksBuildPhase;
			buildActionMask = 2147483647;
			files = (
			);
			runOnlyForDeploymentPostprocessing = 0;
		};
/* End PBXFrameworksBuildPhase section */

/* Begin PBXGroup section */
		A10000310000000000000001 = {
			isa = PBXGroup;
			children = (
				A10000310000000000000002 /* KidCanvas */,
				A10000310000000000000003 /* Products */,
			);
			sourceTree = "<group>";
		};
		A10000310000000000000002 /* KidCanvas */ = {
			isa = PBXGroup;
			children = (
				A10000110000000000000016 /* AppDelegate.swift */,
				A10000110000000000000017 /* SceneDelegate.swift */,
				A10000110000000000000018 /* KidCanvas-Bridging-Header.h */,
				A10000110000000000000019 /* LegacyArchiveMigrator.swift */,
				A10000110000000000000007 /* KDMainViewController.h */,
				A10000110000000000000006 /* KDMainViewController.m */,
				A10000110000000000000009 /* KDDrawingCanvasView.h */,
				A10000110000000000000008 /* KDDrawingCanvasView.m */,
				A1000011000000000000000C /* KDArtworkSession.h */,
				A1000011000000000000000D /* KDArtworkSession.m */,
				A1000011000000000000000E /* KDSessionStore.h */,
				A1000011000000000000000F /* KDSessionStore.m */,
				A10000110000000000000010 /* Assets.xcassets */,
				A10000110000000000000011 /* KCContentBridge.swift */,
				A10000110000000000000012 /* KCDrawingEngineBridge.swift */,
				A10000110000000000000013 /* KCDrawingEngineBridge.h */,
				A10000110000000000000014 /* SessionStoreBridge.swift */,
				A10000110000000000000015 /* SessionStoreBridge.h */,
				A1000011000000000000000A /* Info.plist */,
			);
			path = KidCanvas;
			sourceTree = "<group>";
		};
		A10000310000000000000003 /* Products */ = {
			isa = PBXGroup;
			children = (
				A1000011000000000000000B /* KidCanvas.app */,
			);
			name = Products;
			sourceTree = "<group>";
		};
/* End PBXGroup section */

/* Begin PBXNativeTarget section */
		A10000410000000000000001 /* KidCanvas */ = {
			isa = PBXNativeTarget;
			buildConfigurationList = A10000510000000000000002 /* Build configuration list for PBXNativeTarget "KidCanvas" */;
			buildPhases = (
				A10000610000000000000001 /* Sources */,
				A10000210000000000000001 /* Frameworks */,
				A10000610000000000000002 /* Resources */,
			);
			buildRules = (
			);
			dependencies = (
			);
			packageProductDependencies = (
				A100000A0000000000000001 /* KCCommon */,
				A100000A0000000000000002 /* KCDomain */,
				A100000A0000000000000003 /* KCContentCatalog */,
				A100000A0000000000000004 /* KCDrawingEngine */,
				A100000A0000000000000005 /* KCSessionPersistence */,
			);
			name = KidCanvas;
			productName = KidCanvas;
			productReference = A1000011000000000000000B /* KidCanvas.app */;
			productType = "com.apple.product-type.application";
		};
/* End PBXNativeTarget section */

/* Begin PBXProject section */
		A10000710000000000000001 /* Project object */ = {
			isa = PBXProject;
			attributes = {
				BuildIndependentTargetsInParallel = 1;
				LastUpgradeCheck = 1600;
				TargetAttributes = {
					A10000410000000000000001 = {
						CreatedOnToolsVersion = 16.0;
					};
				};
			};
			buildConfigurationList = A10000510000000000000001 /* Build configuration list for PBXProject "KidCanvas" */;
			compatibilityVersion = "Xcode 14.0";
			developmentRegion = en;
			hasScannedForEncodings = 0;
			knownRegions = (
				en,
				Base,
			);
			mainGroup = A10000310000000000000001;
			productRefGroup = A10000310000000000000003 /* Products */;
			projectDirPath = "";
			projectRoot = "";
			targets = (
				A10000410000000000000001 /* KidCanvas */,
			);
			packageReferences = (
				A10000090000000000000001 /* XCLocalSwiftPackageReference "Packages/KidCanvasModules" */,
			);
		};
/* End PBXProject section */

/* Begin PBXResourcesBuildPhase section */
		A10000610000000000000002 /* Resources */ = {
			isa = PBXResourcesBuildPhase;
			buildActionMask = 2147483647;
			files = (
				A10000010000000000000008 /* Assets.xcassets in Resources */,
			);
			runOnlyForDeploymentPostprocessing = 0;
		};
/* End PBXResourcesBuildPhase section */

/* Begin PBXSourcesBuildPhase section */
		A10000610000000000000001 /* Sources */ = {
			isa = PBXSourcesBuildPhase;
			buildActionMask = 2147483647;
			files = (
				A1000001000000000000000C /* AppDelegate.swift in Sources */,
				A1000001000000000000000D /* SceneDelegate.swift in Sources */,
				A1000001000000000000000E /* LegacyArchiveMigrator.swift in Sources */,
				A10000010000000000000004 /* KDMainViewController.m in Sources */,
				A10000010000000000000005 /* KDDrawingCanvasView.m in Sources */,
				A10000010000000000000006 /* KDArtworkSession.m in Sources */,
				A10000010000000000000007 /* KDSessionStore.m in Sources */,
				A10000010000000000000009 /* KCContentBridge.swift in Sources */,
				A1000001000000000000000A /* KCDrawingEngineBridge.swift in Sources */,
				A1000001000000000000000B /* SessionStoreBridge.swift in Sources */,
			);
			runOnlyForDeploymentPostprocessing = 0;
		};
/* End PBXSourcesBuildPhase section */

/* Begin XCBuildConfiguration section */
		A10000810000000000000001 /* Debug */ = {
			isa = XCBuildConfiguration;
			buildSettings = {
				ALWAYS_SEARCH_USER_PATHS = NO;
				ASSETCATALOG_COMPILER_APPICON_NAME = AppIcon;
				CLANG_ENABLE_MODULES = YES;
				CLANG_ENABLE_OBJC_ARC = YES;
				CLANG_WARN_DOCUMENTATION_COMMENTS = YES;
				CLANG_WARN_OBJC_LITERAL_CONVERSION = YES;
				COPY_PHASE_STRIP = NO;
				DEBUG_INFORMATION_FORMAT = dwarf;
				ENABLE_STRICT_OBJC_MSGSEND = YES;
				GCC_C_LANGUAGE_STANDARD = gnu17;
				GCC_NO_COMMON_BLOCKS = YES;
				GCC_OPTIMIZATION_LEVEL = 0;
				GCC_PREPROCESSOR_DEFINITIONS = (
					"DEBUG=1",
					"$(inherited)",
				);
				IPHONEOS_DEPLOYMENT_TARGET = 16.0;
				MTL_ENABLE_DEBUG_INFO = INCLUDE_SOURCE;
				SDKROOT = iphoneos;
				TARGETED_DEVICE_FAMILY = 2;
			};
			name = Debug;
		};
		A10000810000000000000002 /* Release */ = {
			isa = XCBuildConfiguration;
			buildSettings = {
				ALWAYS_SEARCH_USER_PATHS = NO;
				ASSETCATALOG_COMPILER_APPICON_NAME = AppIcon;
				CLANG_ENABLE_MODULES = YES;
				CLANG_ENABLE_OBJC_ARC = YES;
				COPY_PHASE_STRIP = NO;
				DEBUG_INFORMATION_FORMAT = "dwarf-with-dsym";
				ENABLE_NS_ASSERTIONS = NO;
				ENABLE_STRICT_OBJC_MSGSEND = YES;
				GCC_C_LANGUAGE_STANDARD = gnu17;
				GCC_NO_COMMON_BLOCKS = YES;
				IPHONEOS_DEPLOYMENT_TARGET = 16.0;
				MTL_ENABLE_DEBUG_INFO = NO;
				SDKROOT = iphoneos;
				TARGETED_DEVICE_FAMILY = 2;
				VALIDATE_PRODUCT = YES;
			};
			name = Release;
		};
		A10000810000000000000003 /* Debug */ = {
			isa = XCBuildConfiguration;
			buildSettings = {
				CODE_SIGN_STYLE = Automatic;
				CURRENT_PROJECT_VERSION = 1;
				DEVELOPMENT_TEAM = "";
				GENERATE_INFOPLIST_FILE = NO;
				INFOPLIST_FILE = KidCanvas/Info.plist;
				INFOPLIST_KEY_UIApplicationSupportsIndirectInputEvents = YES;
				LD_RUNPATH_SEARCH_PATHS = (
					"$(inherited)",
					"@executable_path/Frameworks",
				);
				MARKETING_VERSION = 1.0;
				PRODUCT_BUNDLE_IDENTIFIER = com.kidcanvas.drawing;
				PRODUCT_NAME = "$(TARGET_NAME)";
				SUPPORTED_PLATFORMS = "iphoneos iphonesimulator";
				SUPPORTS_MACCATALYST = NO;
				SUPPORTS_XR_DESIGNED_FOR_IPHONE_IPAD = NO;
				DEFINES_MODULE = YES;
				ONLY_ACTIVE_ARCH = YES;
				SWIFT_EMIT_LOC_STRINGS = NO;
				SWIFT_OBJC_BRIDGING_HEADER = "KidCanvas/KidCanvas-Bridging-Header.h";
				SWIFT_ENABLE_EXPLICIT_MODULES = NO;
				SWIFT_VERSION = 5.0;
				TARGETED_DEVICE_FAMILY = "1,2";
			};
			name = Debug;
		};
		A10000810000000000000004 /* Release */ = {
			isa = XCBuildConfiguration;
			buildSettings = {
				CODE_SIGN_STYLE = Automatic;
				CURRENT_PROJECT_VERSION = 1;
				DEVELOPMENT_TEAM = "";
				GENERATE_INFOPLIST_FILE = NO;
				INFOPLIST_FILE = KidCanvas/Info.plist;
				INFOPLIST_KEY_UIApplicationSupportsIndirectInputEvents = YES;
				LD_RUNPATH_SEARCH_PATHS = (
					"$(inherited)",
					"@executable_path/Frameworks",
				);
				MARKETING_VERSION = 1.0;
				PRODUCT_BUNDLE_IDENTIFIER = com.kidcanvas.drawing;
				PRODUCT_NAME = "$(TARGET_NAME)";
				SUPPORTED_PLATFORMS = "iphoneos iphonesimulator";
				SUPPORTS_MACCATALYST = NO;
				SUPPORTS_XR_DESIGNED_FOR_IPHONE_IPAD = NO;
				DEFINES_MODULE = YES;
				SWIFT_EMIT_LOC_STRINGS = NO;
				SWIFT_ENABLE_EXPLICIT_MODULES = NO;
				SWIFT_OBJC_BRIDGING_HEADER = "KidCanvas/KidCanvas-Bridging-Header.h";
				SWIFT_VERSION = 5.0;
				TARGETED_DEVICE_FAMILY = "1,2";
			};
			name = Release;
		};
/* End XCBuildConfiguration section */

/* Begin XCConfigurationList section */
		A10000510000000000000001 /* Build configuration list for PBXProject "KidCanvas" */ = {
			isa = XCConfigurationList;
			buildConfigurations = (
				A10000810000000000000001 /* Debug */,
				A10000810000000000000002 /* Release */,
			);
			defaultConfigurationIsVisible = 0;
			defaultConfigurationName = Release;
		};
		A10000510000000000000002 /* Build configuration list for PBXNativeTarget "KidCanvas" */ = {
			isa = XCConfigurationList;
			buildConfigurations = (
				A10000810000000000000003 /* Debug */,
				A10000810000000000000004 /* Release */,
			);
			defaultConfigurationIsVisible = 0;
			defaultConfigurationName = Release;
		};
/* End XCConfigurationList section */

/* Begin XCLocalSwiftPackageReference section */
		A10000090000000000000001 /* XCLocalSwiftPackageReference "Packages/KidCanvasModules" */ = {
			isa = XCLocalSwiftPackageReference;
			relativePath = "Packages/KidCanvasModules";
		};
/* End XCLocalSwiftPackageReference section */

/* Begin XCSwiftPackageProductDependency section */
		A100000A0000000000000001 /* KCCommon */ = {
			isa = XCSwiftPackageProductDependency;
			package = A10000090000000000000001 /* XCLocalSwiftPackageReference "Packages/KidCanvasModules" */;
			productName = KCCommon;
		};
		A100000A0000000000000002 /* KCDomain */ = {
			isa = XCSwiftPackageProductDependency;
			package = A10000090000000000000001 /* XCLocalSwiftPackageReference "Packages/KidCanvasModules" */;
			productName = KCDomain;
		};
		A100000A0000000000000003 /* KCContentCatalog */ = {
			isa = XCSwiftPackageProductDependency;
			package = A10000090000000000000001 /* XCLocalSwiftPackageReference "Packages/KidCanvasModules" */;
			productName = KCContentCatalog;
		};
		A100000A0000000000000004 /* KCDrawingEngine */ = {
			isa = XCSwiftPackageProductDependency;
			package = A10000090000000000000001 /* XCLocalSwiftPackageReference "Packages/KidCanvasModules" */;
			productName = KCDrawingEngine;
		};
		A100000A0000000000000005 /* KCSessionPersistence */ = {
			isa = XCSwiftPackageProductDependency;
			package = A10000090000000000000001 /* XCLocalSwiftPackageReference "Packages/KidCanvasModules" */;
			productName = KCSessionPersistence;
		};
/* End XCSwiftPackageProductDependency section */
	};
	rootObject = A10000710000000000000001 /* Project object */;
}
